dependencies:
- name: redis
  repository: https://kubernetes-charts.storage.googleapis.com/
  version: 7.0.0
- name: nginx-ingress
  repository: https://kubernetes-charts.storage.googleapis.com/
  version: 1.6.0
digest: sha256:eef354a1314384f2d98c3ccf9dbca357f33ace237a2c49990ca50c335c3f5d64
generated: 2019-04-25T17:25:52.0852198+03:00
